
Microsoft Visual Studio Solution File, Format Version 12.00
# Visual Studio Version 16
VisualStudioVersion = 16.0.31624.102
MinimumVisualStudioVersion = 10.0.40219.1
Project("{9A19103F-16F7-4668-BE54-9A1E7A4F7556}") = "SUTDigest", "SUTDigest.csproj", "{6894EB36-9742-458D-BB1A-1EEB6EBAC55E}"
EndProject
Global
	GlobalSection(SolutionConfigurationPlatforms) = preSolution
		Debug|Any CPU = Debug|Any CPU
		Release|Any CPU = Release|Any CPU
	EndGlobalSection
	GlobalSection(ProjectConfigurationPlatforms) = postSolution
		{6894EB36-9742-458D-BB1A-1EEB6EBAC55E}.Debug|Any CPU.ActiveCfg = Release|Any CPU
		{6894EB36-9742-458D-BB1A-1EEB6EBAC55E}.Debug|Any CPU.Build.0 = Release|Any CPU
		{6894EB36-9742-458D-BB1A-1EEB6EBAC55E}.Release|Any CPU.ActiveCfg = Release|Any CPU
		{6894EB36-9742-458D-BB1A-1EEB6EBAC55E}.Release|Any CPU.Build.0 = Release|Any CPU
	EndGlobalSection
	GlobalSection(SolutionProperties) = preSolution
		HideSolutionNode = FALSE
	EndGlobalSection
	GlobalSection(ExtensibilityGlobals) = postSolution
		SolutionGuid = {B2A40001-F33A-465F-BA25-DCD467477CE0}
	EndGlobalSection
EndGlobal
